{"SurveyEntry":{"SurveyID":"SV_6rrpbxJ4v65IiBn","SurveyName":"baseline_gen","SurveyDescription":null,"SurveyOwnerID":"UR_3FeL2IFyA8kH2C1","SurveyBrandID":"canterbury","DivisionID":null,"SurveyLanguage":"EN","SurveyActiveResponseSet":"RS_e2M92fYugvZzh0F","SurveyStatus":"Active","SurveyStartDate":"0000-00-00 00:00:00","SurveyExpirationDate":"0000-00-00 00:00:00","SurveyCreationDate":"2015-02-17 16:15:25","CreatorID":"UR_3FeL2IFyA8kH2C1","LastModified":"2015-07-14 15:36:45","LastAccessed":"0000-00-00 00:00:00","LastActivated":"2015-03-16 11:55:48","Deleted":null},"SurveyElements":[{"SurveyID":"SV_6rrpbxJ4v65IiBn","Element":"BL","PrimaryAttribute":"Survey Blocks","SecondaryAttribute":null,"TertiaryAttribute":null,"Payload":{"0":{"Type":"Default","Description":"Demographics","ID":"BL_3mAkI6F2dewBkQ5","BlockElements":[{"Type":"Question","QuestionID":"QID21"},{"Type":"Question","QuestionID":"QID8"},{"Type":"Question","QuestionID":"QID9"},{"Type":"Question","QuestionID":"QID11"},{"Type":"Question","QuestionID":"QID14"},{"Type":"Question","QuestionID":"QID15"},{"Type":"Question","QuestionID":"QID13"},{"Type":"Question","QuestionID":"QID19"},{"Type":"Question","QuestionID":"QID10"},{"Type":"Question","QuestionID":"QID7"}]},"1":{"Type":"Trash","Description":"Trash / Unused Questions","ID":"BL_3qHxDJ1zBItfJsN","BlockElements":[{"Type":"Question","QuestionID":"QID2"}]},"2":{"Type":"Standard","SubType":"","Description":"TIPI","ID":"BL_cIQ0C0i0MBLrJFH","BlockElements":[{"Type":"Question","QuestionID":"QID3"}]},"5":{"Type":"Standard","SubType":"","Description":"Words","ID":"BL_9Ymad5Wqx42ifA1","BlockElements":[{"Type":"Question","QuestionID":"QID5"}]},"6":{"Type":"Standard","SubType":"","Description":"Consent Form","ID":"BL_9H6FU6sgewUAy7H","BlockElements":[{"Type":"Question","QuestionID":"QID18"},{"Type":"Question","QuestionID":"QID22"}]},"7":{"Type":"Standard","SubType":"","Description":"Block 5","ID":"BL_6gtH6VLSYcNuOVv","BlockElements":[{"Type":"Question","QuestionID":"QID23"}]},"8":{"Type":"Standard","SubType":"","Description":"Block 6","ID":"BL_2lEaYkMmc4JEgx7","BlockElements":[{"Type":"Question","QuestionID":"QID24"}]}}},{"SurveyID":"SV_6rrpbxJ4v65IiBn","Element":"FL","PrimaryAttribute":"Survey Flow","SecondaryAttribute":null,"TertiaryAttribute":null,"Payload":{"Type":"Root","FlowID":"FL_1","Flow":[{"ID":"BL_6gtH6VLSYcNuOVv","Type":"Standard","FlowID":"FL_10"},{"ID":"BL_9H6FU6sgewUAy7H","Type":"Standard","FlowID":"FL_9"},{"Type":"Block","ID":"BL_3mAkI6F2dewBkQ5","FlowID":"FL_2"},{"Type":"Standard","ID":"BL_cIQ0C0i0MBLrJFH","FlowID":"FL_3"},{"Type":"BlockRandomizer","FlowID":"FL_8","SubSet":1,"EvenPresentation":false,"Flow":[{"Type":"Standard","ID":"BL_9Ymad5Wqx42ifA1","FlowID":"FL_6"}]},{"ID":"BL_2lEaYkMmc4JEgx7","Type":"Standard","FlowID":"FL_11"}],"Properties":{"Count":11}}},{"SurveyID":"SV_6rrpbxJ4v65IiBn","Element":"SO","PrimaryAttribute":"Survey Options","SecondaryAttribute":null,"TertiaryAttribute":null,"Payload":{"BackButton":"false","SaveAndContinue":"true","SurveyProtection":"PublicSurvey","BallotBoxStuffingPrevention":"false","NoIndex":"Yes","SurveyExpiration":null,"SurveyTermination":"DefaultMessage","Header":"","Footer":"","ProgressBarDisplay":"None","PartialData":"+1 week","ValidationMessage":null,"PreviousButton":"  <<  ","NextButton":"  >>  ","SkinLibrary":"canterbury","SkinType":"MQ","Skin":"canterbury1","NewScoring":1,"PreferJFE":true,"EOSMessage":"","ShowExportTags":"false","CollectGeoLocation":"false","SurveyTitle":"Online Survey Software | Qualtrics Survey Solutions","SurveyMetaDescription":"Qualtrics sophisticated online survey software solutions make creating online surveys easy. Learn more about Research Suite and get a free account today.","PasswordProtection":"No","AnonymizeResponse":"No","Password":"","RefererCheck":"No","RefererURL":"http://","EOSMessageLibrary":"","EOSRedirectURL":"http://","EmailThankYou":"false","ThankYouEmailMessageLibrary":null,"ThankYouEmailMessage":null,"ValidateMessage":"false","ValidationMessageLibrary":null,"InactiveSurvey":"DefaultMessage","InactiveMessageLibrary":"","InactiveMessage":"","AvailableLanguages":{"EN":[]},"ProtectSelectionIds":true}},{"SurveyID":"SV_6rrpbxJ4v65IiBn","Element":"SCO","PrimaryAttribute":"Scoring","SecondaryAttribute":null,"TertiaryAttribute":null,"Payload":{"ScoringCategories":[],"ScoringCategoryGroups":[],"ScoringSummaryCategory":null,"ScoringSummaryAfterQuestions":0,"ScoringSummaryAfterSurvey":0,"DefaultScoringCategory":null,"AutoScoringCategory":null}},{"SurveyID":"SV_6rrpbxJ4v65IiBn","Element":"STAT","PrimaryAttribute":"Survey Statistics","SecondaryAttribute":null,"TertiaryAttribute":null,"Payload":{"MobileCompatible":false,"ID":"Survey Statistics"}},{"SurveyID":"SV_6rrpbxJ4v65IiBn","Element":"QC","PrimaryAttribute":"Survey Question Count","SecondaryAttribute":"24","TertiaryAttribute":null,"Payload":null},{"SurveyID":"SV_6rrpbxJ4v65IiBn","Element":"SQ","PrimaryAttribute":"QID7","SecondaryAttribute":"Any additional information you want to tell us?","TertiaryAttribute":null,"Payload":{"QuestionText":"<p><span class=\"s1\">Any additional information you want to tell us?</span></p>","DefaultChoices":false,"DataExportTag":"Q8","QuestionType":"TE","Selector":"ML","Configuration":{"QuestionDescriptionOption":"UseText"},"QuestionDescription":"Any additional information you want to tell us?","Validation":{"Settings":{"ForceResponse":"OFF","ForceResponseType":"ON","Type":"None"}},"GradingData":[],"Language":[],"QuestionID":"QID7"}},{"SurveyID":"SV_6rrpbxJ4v65IiBn","Element":"SQ","PrimaryAttribute":"QID18","SecondaryAttribute":"Collaboration in Navigation With Robots and Humans Consent Form   I have been given a full explan..","TertiaryAttribute":null,"Payload":{"QuestionText":"<p dir=\"ltr\" style=\"line-height:1.3800000000000001;margin-top:0pt;margin-bottom:0pt;margin-right: 42.75pt;text-align: center;\"><span id=\"docs-internal-guid-3227a178-20b8-d6a0-de23-0c035838674f\"><span style=\"font-size: 16px; font-family: 'Times New Roman'; color: rgb(0, 0, 0); font-weight: bold; vertical-align: baseline; white-space: pre-wrap; background-color: transparent;\">Collaboration in Navigation With Robots and Humans</span></span></p>\n\n<p dir=\"ltr\" style=\"line-height:1.3800000000000001;margin-top:0pt;margin-bottom:0pt;margin-right: 42.75pt;text-align: center;\"><span id=\"docs-internal-guid-3227a178-20b8-d6a0-de23-0c035838674f\"><span style=\"font-size: 15px; font-family: 'Times New Roman'; color: rgb(0, 0, 0); font-weight: bold; vertical-align: baseline; white-space: pre-wrap; background-color: transparent;\">Consent Form</span></span></p>\n&nbsp;\n\n<p dir=\"ltr\" style=\"line-height:1.3800000000000001;margin-top:0pt;margin-bottom:12pt;margin-right: 42.75pt;text-align: justify;\"><span id=\"docs-internal-guid-3227a178-20b8-d6a0-de23-0c035838674f\"><span style=\"font-size: 15px; font-family: 'Times New Roman'; color: rgb(0, 0, 0); vertical-align: baseline; white-space: pre-wrap; background-color: transparent;\">I have been given a full explanation of this project and have had the opportunity to ask questions. I understand what is required of me if I agree to take part in the research. I understand that participation is voluntary and I may withdraw at any time without penalty. Withdrawal of participation will also include the withdrawal of any information I have provided should this remain practically achievable. I understand that any information or opinions I provide will be kept confidential to the study investigator, members of the project&#39;s staff, representatives of the John Templeton Foundation, the University of Canterbury Human Ethics Committee, and the Northwestern University Institutional Review Board and that any published or reported results will not identify the participants. I understand that a thesis is a public document and will be available through the UC Library. I understand that all non-anonymized data (Consent Form with your name) collected for the study will be kept in locked and secure facilities and will be destroyed after less than ten years. </span></span></p>\n\n<p dir=\"ltr\" style=\"line-height:1.3800000000000001;margin-top:0pt;margin-bottom:12pt;margin-right: 42.75pt;text-align: justify;\"><span id=\"docs-internal-guid-3227a178-20b8-d6a0-de23-0c035838674f\"><span style=\"font-size: 15px; font-family: 'Times New Roman'; color: rgb(0, 0, 0); vertical-align: baseline; white-space: pre-wrap; background-color: transparent;\">I understand the risks associated with taking part and how they will be managed. I understand that I am able to receive a report on the findings of the study by contacting the researcher at the conclusion of the project. I understand that I can contact the researcher [Juergen Brandstetter, juergen.brandstetter@pg.canterbury.ac.nz], [Clay Beckner, clayton.beckner@canterbury.ac.nz] or supervisor [Christoph Bartneck, christoph.bartneck@canterbury.ac.nz] for further information. If I have any complaints, I can contact the Chair of the University of Canterbury Human Ethics Committee, Private Bag 4800, Christchurch (human-ethics@canterbury.ac.nz)</span></span></p>\n\n<p dir=\"ltr\" style=\"line-height:1.3800000000000001;margin-top:0pt;margin-bottom:12pt;margin-right: 42.75pt;text-align: justify;\"><span id=\"docs-internal-guid-3227a178-20b8-d6a0-de23-0c035838674f\"><span style=\"font-size: 15px; font-family: 'Times New Roman'; color: rgb(0, 0, 0); vertical-align: baseline; white-space: pre-wrap; background-color: transparent;\">By signing below, I agree to participate in this research project.</span></span></p>\n\n<p dir=\"ltr\" style=\"line-height:1.3800000000000001;margin-top:0pt;margin-bottom:12pt;margin-right: 42.75pt;\"><span id=\"docs-internal-guid-3227a178-20b8-d6a0-de23-0c035838674f\"><span style=\"font-size: 15px; font-family: 'Times New Roman'; color: rgb(0, 0, 0); vertical-align: baseline; white-space: pre-wrap; background-color: transparent;\">[Juergen Brandstetter]</span></span></p>\n\n<div>&nbsp;</div>","DefaultChoices":false,"DataExportTag":"Q18","QuestionType":"DB","Selector":"TB","Configuration":{"QuestionDescriptionOption":"UseText"},"QuestionDescription":"Collaboration in Navigation With Robots and Humans Consent Form   I have been given a full explan...","ChoiceOrder":[],"Validation":{"Settings":{"Type":"None"}},"GradingData":[],"Language":[],"QuestionID":"QID18"}},{"SurveyID":"SV_6rrpbxJ4v65IiBn","Element":"SQ","PrimaryAttribute":"QID23","SecondaryAttribute":"Collaboration in Navigation With Robots and Humans Information Sheet   Thank you for being part o..","TertiaryAttribute":null,"Payload":{"QuestionText":"<p dir=\"ltr\" style=\"line-height:1.3800000000000001;margin-top:0pt;margin-bottom:0pt;margin-left: 22pt;margin-right: 42.75pt;text-align: center;\"><span id=\"docs-internal-guid-4a627dd0-8e7d-9158-49f3-73582fb428af\"><span style=\"font-size: 16px; font-family: 'Times New Roman'; color: rgb(0, 0, 0); font-weight: bold; vertical-align: baseline; white-space: pre-wrap; background-color: transparent;\">Collaboration in Navigation With Robots and Humans</span></span></p>\n\n<p dir=\"ltr\" style=\"line-height:1.3800000000000001;margin-top:0pt;margin-bottom:0pt;margin-left: 22pt;margin-right: 42.75pt;text-align: center;\"><span id=\"docs-internal-guid-4a627dd0-8e7d-9158-49f3-73582fb428af\"><span style=\"font-size: 14.6667px; font-family: 'Times New Roman'; color: rgb(0, 0, 0); font-weight: bold; vertical-align: baseline; white-space: pre-wrap; background-color: transparent;\">Information Sheet</span></span></p>\n&nbsp;\n\n<p dir=\"ltr\" style=\"line-height:1.38;margin-top:0pt;margin-bottom:12pt;margin-right: 42.75pt;text-align: justify;\"><span id=\"docs-internal-guid-4a627dd0-8e7d-9158-49f3-73582fb428af\"><span style=\"font-size: 14.6667px; font-family: 'Times New Roman'; color: rgb(0, 0, 0); vertical-align: baseline; white-space: pre-wrap; background-color: transparent;\">Thank you for being part of this project. This project is being done by Christoph Bartneck (HITLabNZ), Juergen Brandstetter (HITLabNZ) and Clay Beckner (NZILBB). </span></span></p>\n\n<p dir=\"ltr\" style=\"line-height:1.38;margin-top:0pt;margin-bottom:12pt;margin-right: 42.75pt;text-align: justify;\"><span id=\"docs-internal-guid-4a627dd0-8e7d-9158-49f3-73582fb428af\"><span style=\"font-size: 14.6667px; font-family: 'Times New Roman'; color: rgb(0, 0, 0); vertical-align: baseline; white-space: pre-wrap; background-color: transparent;\">You will have two tasks in this study, in which you enter responses with a computer keyboard.You will be asked to rate how &lsquo;happy&rsquo; or &lsquo;unhappy&rsquo; you think certain English words are, using a numerical scale which will be explained to you. You will also be asked to provide words which are good labels for simple images that appear on the computer screen. The study takes around 30 minutes.</span></span></p>\n\n<p dir=\"ltr\" style=\"line-height:1.38;margin-top:0pt;margin-bottom:12pt;margin-right: 42.75pt;text-align: justify;\"><span id=\"docs-internal-guid-4a627dd0-8e7d-9158-49f3-73582fb428af\"><span style=\"font-size: 14.6667px; font-family: 'Times New Roman'; color: rgb(0, 0, 0); vertical-align: baseline; white-space: pre-wrap; background-color: transparent;\">You will get a $10 voucher for finishing the study. You can withdraw from the study at any time without penalty, in which case we will delete your records from our hard drives. If you wish to withdraw your data, please let the researchers know immediately after you stop work, so that we can determine which dataset is yours. Otherwise, it will not be possible to delete your data, since individual participants&rsquo; data is not identifiable.</span></span></p>\n\n<p dir=\"ltr\" style=\"line-height:1.38;margin-top:0pt;margin-bottom:12pt;margin-right: 42.75pt;text-align: justify;\"><span id=\"docs-internal-guid-4a627dd0-8e7d-9158-49f3-73582fb428af\"><span style=\"font-size: 14.6667px; font-family: 'Times New Roman'; color: rgb(0, 0, 0); vertical-align: baseline; white-space: pre-wrap; background-color: transparent;\">Results of this study may be used for teaching, research, publications, presentations at scientific meetings, and a Ph.D. thesis. Although results may be published, your data is confidential, and no information will be stored which links the data to you.All data collected for the study will be kept in locked and secure facilities, and in password protected electronic form, and will be destroyed after 10 years.</span></span></p>\n\n<p dir=\"ltr\" style=\"line-height:1.38;margin-top:0pt;margin-bottom:12pt;margin-right: 42.75pt;text-align: justify;\"><span id=\"docs-internal-guid-4a627dd0-8e7d-9158-49f3-73582fb428af\"><span style=\"font-size: 14.6667px; font-family: 'Times New Roman'; color: rgb(0, 0, 0); vertical-align: baseline; white-space: pre-wrap; background-color: transparent;\">This project was supported by John Templeton Foundation Award ID 36617 to Northwestern University. The award is partly subcontracted to NZILBB at the University of Canterbury. Intellectual property developed in this project falls under the existing agreement SP0018875-PROJ0004772 between Northwestern University and the University of Canterbury.</span></span></p>\n\n<p dir=\"ltr\" style=\"line-height:1.38;margin-top:0pt;margin-bottom:12pt;margin-right: 42.75pt;text-align: justify;\"><span id=\"docs-internal-guid-4a627dd0-8e7d-9158-49f3-73582fb428af\"><span style=\"font-size: 14.6667px; font-family: 'Times New Roman'; color: rgb(0, 0, 0); vertical-align: baseline; white-space: pre-wrap; background-color: transparent;\">This project has been reviewed and approved by the University of Canterbury Human Ethics Committee. Participants should address any complaints to The Chair, Human Ethics Committee, University of Canterbury, Private Bag 4800, Christchurch.</span></span></p>\n&nbsp;\n\n<p dir=\"ltr\" style=\"line-height:1.3800000000000001;margin-top:0pt;margin-bottom:12pt;margin-right: 42.75pt;text-align: justify;\"><span id=\"docs-internal-guid-4a627dd0-8e7d-9158-49f3-73582fb428af\"><span style=\"font-size: 14.6667px; font-family: 'Times New Roman'; color: rgb(0, 0, 0); vertical-align: baseline; white-space: pre-wrap; background-color: transparent;\">[Juergen Brandstetter]</span></span></p>\n\n<div>&nbsp;</div>","DefaultChoices":false,"DataExportTag":"Q23","QuestionType":"DB","Selector":"TB","Configuration":{"QuestionDescriptionOption":"UseText"},"QuestionDescription":"Collaboration in Navigation With Robots and Humans Information Sheet   Thank you for being part o...","ChoiceOrder":[],"Validation":{"Settings":{"Type":"None"}},"GradingData":[],"Language":[],"QuestionID":"QID23"}},{"SurveyID":"SV_6rrpbxJ4v65IiBn","Element":"RS","PrimaryAttribute":"RS_e2M92fYugvZzh0F","SecondaryAttribute":"Default Response Set","TertiaryAttribute":null,"Payload":null},{"SurveyID":"SV_6rrpbxJ4v65IiBn","Element":"SQ","PrimaryAttribute":"QID8","SecondaryAttribute":"Did you ever work or interact with social robots?","TertiaryAttribute":null,"Payload":{"QuestionText":"Did you ever work or interact with social robots?","DataExportTag":"Q10","QuestionType":"MC","Selector":"SAVR","SubSelector":"TX","Configuration":{"QuestionDescriptionOption":"UseText"},"QuestionDescription":"Did you ever work or interact with social robots?","Choices":{"1":{"Display":"Yes"},"2":{"Display":"No"}},"ChoiceOrder":[1,2],"Validation":{"Settings":{"ForceResponse":"ON","ForceResponseType":"ON","Type":"None"}},"Language":[],"QuestionID":"QID8"}},{"SurveyID":"SV_6rrpbxJ4v65IiBn","Element":"SQ","PrimaryAttribute":"QID9","SecondaryAttribute":"Gender","TertiaryAttribute":null,"Payload":{"QuestionText":"Gender","DataExportTag":"Q12","QuestionType":"MC","Selector":"SAVR","SubSelector":"TX","Configuration":{"QuestionDescriptionOption":"UseText"},"QuestionDescription":"Gender","Choices":{"1":{"Display":"Male"},"2":{"Display":"Female"},"3":{"Display":"Other"}},"ChoiceOrder":["1","2","3"],"Validation":{"Settings":{"ForceResponse":"ON","ForceResponseType":"ON","Type":"None"}},"Language":[],"QuestionID":"QID9"}},{"SurveyID":"SV_6rrpbxJ4v65IiBn","Element":"SQ","PrimaryAttribute":"QID22","SecondaryAttribute":"I agree by writing my name in this text field that I understood and agree to the consent from, an...","TertiaryAttribute":null,"Payload":{"QuestionText":"I agree by writing my name in this text field that I understood and agree to the consent from, and that I'm native New Zealand english speaker.","DefaultChoices":false,"DataExportTag":"Q22","QuestionType":"TE","Selector":"SL","Configuration":{"QuestionDescriptionOption":"UseText"},"QuestionDescription":"I agree by writing my name in this text field that I understood and agree to the consent from, an...","Validation":{"Settings":{"ForceResponse":"ON","ForceResponseType":"ON","Type":"MinChar","MinChars":"3"}},"GradingData":[],"Language":[],"QuestionID":"QID22"}},{"SurveyID":"SV_6rrpbxJ4v65IiBn","Element":"SQ","PrimaryAttribute":"QID3","SecondaryAttribute":"I see myself as:","TertiaryAttribute":null,"Payload":{"QuestionText":"I see myself as:","DefaultChoices":false,"DataExportTag":"Q4","QuestionType":"Matrix","Selector":"Likert","SubSelector":"SingleAnswer","Configuration":{"QuestionDescriptionOption":"UseText","TextPosition":"inline","ChoiceColumnWidth":25,"RepeatHeaders":"none","WhiteSpace":"OFF","MobileFirst":true},"QuestionDescription":"I see myself as:","Choices":{"1":{"Display":"Extroverted, enthusiastic"},"2":{"Display":"Critical, quarrelsome"},"3":{"Display":"Dependable, self-disciplined"},"4":{"Display":"Anxious, easily upset"},"5":{"Display":"Open to new experiences, complex"},"6":{"Display":"Reserved, quiet"},"7":{"Display":"Sympathetic, warm"},"8":{"Display":"Disorganized, careless"},"9":{"Display":"Calm, emotionally stable"},"10":{"Display":"Conventional, uncreative"}},"ChoiceOrder":[1,2,3,4,5,6,7,8,9,10],"Randomization":{"Advanced":null,"Type":"All","TotalRandSubset":""},"Validation":{"Settings":{"ForceResponse":"ON","ForceResponseType":"ON","Type":"None"}},"GradingData":[],"Language":[],"Answers":{"1":{"Display":"Disagree strongly"},"2":{"Display":"Disagree moderately"},"3":{"Display":"Disagree a little"},"4":{"Display":"Neither agree nor disagree"},"5":{"Display":"Agree a little"},"6":{"Display":"Agree moderately"},"7":{"Display":"Agree strongly"}},"AnswerOrder":[1,2,3,4,5,6,7],"ChoiceDataExportTags":false,"QuestionID":"QID3"}},{"SurveyID":"SV_6rrpbxJ4v65IiBn","Element":"SQ","PrimaryAttribute":"QID15","SecondaryAttribute":"If English is not your native language, how old were you when you\nlearned it?","TertiaryAttribute":null,"Payload":{"QuestionText":"If English is not your native language, how old were you when you learned it?","DefaultChoices":false,"DataExportTag":"Q21","QuestionID":"QID15","QuestionType":"Slider","Selector":"HSLIDER","Configuration":{"QuestionDescriptionOption":"UseText","CSSliderMin":-1,"CSSliderMax":30,"GridLines":10,"SnapToGrid":false,"NumDecimals":"0","ShowValue":true,"CustomStart":true,"SliderStartPositions":{"1":0},"NotApplicable":false,"MobileFirst":true},"QuestionDescription":"If English is not your native language, how old were you when you\nlearned it?","Choices":{"1":{"Display":"AGE"}},"ChoiceOrder":[1],"Validation":{"Settings":{"ForceResponse":"OFF","ForceResponseType":"ON","Type":"None"}},"GradingData":[],"Language":[],"Labels":[]}},{"SurveyID":"SV_6rrpbxJ4v65IiBn","Element":"SQ","PrimaryAttribute":"QID10","SecondaryAttribute":"If Student, what do you study?","TertiaryAttribute":null,"Payload":{"QuestionText":"If Student, what do you study?","DefaultChoices":false,"DataExportTag":"Q14","QuestionType":"TE","Selector":"SL","Configuration":{"QuestionDescriptionOption":"UseText"},"QuestionDescription":"If Student, what do you study?","Validation":{"Settings":{"ForceResponse":"OFF","ForceResponseType":"ON","Type":"None"}},"GradingData":[],"Language":[],"QuestionID":"QID10"}},{"SurveyID":"SV_6rrpbxJ4v65IiBn","Element":"SQ","PrimaryAttribute":"QID14","SecondaryAttribute":"Is English your first language?","TertiaryAttribute":null,"Payload":{"QuestionText":"Is English your first language?","DataExportTag":"Q20","QuestionType":"MC","Selector":"SAVR","SubSelector":"TX","Configuration":{"QuestionDescriptionOption":"UseText"},"QuestionDescription":"Is English your first language?","Choices":{"1":{"Display":"YES"},"2":{"Display":"NO"}},"ChoiceOrder":[1,2],"Validation":{"Settings":{"ForceResponse":"ON","ForceResponseType":"ON","Type":"None"}},"GradingData":[],"Language":[],"QuestionID":"QID14"}},{"SurveyID":"SV_6rrpbxJ4v65IiBn","Element":"SQ","PrimaryAttribute":"QID5","SecondaryAttribute":"Please indicate what you feel when you read this words. ","TertiaryAttribute":null,"Payload":{"QuestionText":"Please indicate what you feel when you read this words.&nbsp;","DefaultChoices":false,"DataExportTag":"Q51","QuestionID":"QID5","QuestionType":"SBS","Selector":"SBSMatrix","Configuration":{"QuestionDescriptionOption":"UseText","TextPosition":"inline","ChoiceColumnWidthPixels":95,"RepeatHeaders":"middle"},"QuestionDescription":"Please indicate what you feel when you read this words. ","Choices":{"1":{"Display":"tummy"},"2":{"Display":"alligator"},"3":{"Display":"crocodile"},"4":{"Display":"reptile"},"5":{"Display":"artist"},"6":{"Display":"painter"},"7":{"Display":"painting"},"8":{"Display":"athlete"},"9":{"Display":"ball"},"10":{"Display":"football"},"11":{"Display":"football player"},"12":{"Display":"kick"},"13":{"Display":"play"},"14":{"Display":"player"},"15":{"Display":"soccer"},"16":{"Display":"sportsman"},"17":{"Display":"axes"},"18":{"Display":"hatchet"},"19":{"Display":"wood splitter"},"20":{"Display":"baby"},"21":{"Display":"child"},"22":{"Display":"crawl"},"23":{"Display":"crawler"},"24":{"Display":"crawling"},"25":{"Display":"infant"},"26":{"Display":"kid"},"27":{"Display":"sprog"},"28":{"Display":"toddler"},"29":{"Display":"barrels"},"30":{"Display":"beehive"},"31":{"Display":"drum"},"32":{"Display":"shield"},"33":{"Display":"baseball"},"34":{"Display":"baseball bat"},"35":{"Display":"bat"},"36":{"Display":"softball bat"},"37":{"Display":"beach"},"38":{"Display":"beach umbrella"},"39":{"Display":"summer"},"40":{"Display":"sun"},"41":{"Display":"sun shade"},"42":{"Display":"sun umbrella"},"43":{"Display":"umbrella"},"44":{"Display":"beans"},"45":{"Display":"broad beans"},"46":{"Display":"coffee"},"47":{"Display":"coffee beans"},"48":{"Display":"legumes"},"49":{"Display":"bee"},"50":{"Display":"bumble bee"},"51":{"Display":"buzzy bee"},"52":{"Display":"honey"},"53":{"Display":"honeybee"},"54":{"Display":"insect"},"55":{"Display":"bug"},"56":{"Display":"insect"},"57":{"Display":"ladybird"},"58":{"Display":"ladybug"},"59":{"Display":"baby"},"60":{"Display":"belly"},"61":{"Display":"bump"},"62":{"Display":"fetus"},"63":{"Display":"pregnant"},"64":{"Display":"pregnant belly"},"65":{"Display":"stomach"},"66":{"Display":"bench"},"67":{"Display":"garden bench"},"68":{"Display":"park bench"},"69":{"Display":"seat"},"70":{"Display":"berries"},"71":{"Display":"berry fruit"},"72":{"Display":"blackberry"},"73":{"Display":"fruit"},"74":{"Display":"raspberry"},"75":{"Display":"strawberry"},"76":{"Display":"summer fruit"},"77":{"Display":"boot"},"78":{"Display":"doc martin"},"79":{"Display":"high top"},"80":{"Display":"safety boot"},"81":{"Display":"shoe"},"82":{"Display":"work boot"},"83":{"Display":"blossom"},"84":{"Display":"flowers"},"85":{"Display":"plant"},"86":{"Display":"weed"},"87":{"Display":"canoe"},"88":{"Display":"kayak"},"89":{"Display":"automobile"},"90":{"Display":"car"},"91":{"Display":"hatchback"},"92":{"Display":"old dunger"},"93":{"Display":"vehicle"},"94":{"Display":"cart"},"95":{"Display":"shopping cart"},"96":{"Display":"shopping trolley"},"97":{"Display":"trolley"},"98":{"Display":"angus"},"99":{"Display":"beef"},"100":{"Display":"bulls"},"101":{"Display":"cattle"},"102":{"Display":"cows"},"103":{"Display":"dairy farm"},"104":{"Display":"farm"},"105":{"Display":"herd"},"106":{"Display":"livestock"},"107":{"Display":"stock"},"108":{"Display":"arch"},"109":{"Display":"cave"},"110":{"Display":"hole in the rock"},"111":{"Display":"rock"},"112":{"Display":"cathedral"},"113":{"Display":"church"},"114":{"Display":"buildings"},"115":{"Display":"city"},"116":{"Display":"cityscape"},"117":{"Display":"high-rise buildings"},"118":{"Display":"skyscrapers"},"119":{"Display":"town"},"120":{"Display":"caretaker"},"121":{"Display":"cleaner"},"122":{"Display":"dustman"},"123":{"Display":"janitor"},"124":{"Display":"clothes"},"125":{"Display":"clothing"},"126":{"Display":"gear"},"127":{"Display":"outfit"},"128":{"Display":"computer"},"129":{"Display":"desktop"},"130":{"Display":"monitor"},"131":{"Display":"pc"},"132":{"Display":"remote"},"133":{"Display":"remote control"},"134":{"Display":"teelvision"},"135":{"Display":"tv"},"136":{"Display":"baker"},"137":{"Display":"chef"},"138":{"Display":"cook"},"139":{"Display":"woman"},"140":{"Display":"cop"},"141":{"Display":"pig"},"142":{"Display":"police officer"},"143":{"Display":"policeman"},"144":{"Display":"security guard"},"145":{"Display":"sheriff"},"146":{"Display":"arm chair"},"147":{"Display":"chair"},"148":{"Display":"couch"},"149":{"Display":"easy chair"},"150":{"Display":"sofa"},"151":{"Display":"christianity"},"152":{"Display":"cross"},"153":{"Display":"fire hydrant"},"154":{"Display":"breakfast cup"},"155":{"Display":"coffee"},"156":{"Display":"coffee cup"},"157":{"Display":"cup"},"158":{"Display":"cuppa"},"159":{"Display":"mug"},"160":{"Display":"tea"},"161":{"Display":"tea cup"},"162":{"Display":"clay"},"163":{"Display":"dirt"},"164":{"Display":"gravel"},"165":{"Display":"heap"},"166":{"Display":"pile"},"167":{"Display":"sand"},"168":{"Display":"soil"},"169":{"Display":"doctor"},"170":{"Display":"gp"},"171":{"Display":"medical professional"},"172":{"Display":"specialist"},"173":{"Display":"canine"},"174":{"Display":"chasing"},"175":{"Display":"dog"},"176":{"Display":"hound"},"177":{"Display":"kangaroo"},"178":{"Display":"mongrel"},"179":{"Display":"running"},"180":{"Display":"wallaby"},"181":{"Display":"wolf"},"182":{"Display":"ajar"},"183":{"Display":"door"},"184":{"Display":"doorway"},"185":{"Display":"entrance"},"186":{"Display":"exit"},"187":{"Display":"open"},"188":{"Display":"cocktail"},"189":{"Display":"drinks"},"190":{"Display":"glass"},"191":{"Display":"straw"},"192":{"Display":"drugs"},"193":{"Display":"medication"},"194":{"Display":"medicine"},"195":{"Display":"meds"},"196":{"Display":"pills"},"197":{"Display":"tablets"},"198":{"Display":"desert"},"199":{"Display":"sand dunes"},"200":{"Display":"sandhills"},"201":{"Display":"eraser"},"202":{"Display":"rubber"},"203":{"Display":"castle"},"204":{"Display":"factory"},"205":{"Display":"industry"},"206":{"Display":"manufacturer"},"207":{"Display":"pollution"},"208":{"Display":"workshop"},"209":{"Display":"barbecue"},"210":{"Display":"bbq"},"211":{"Display":"fire"},"212":{"Display":"fireplace"},"213":{"Display":"flammable"},"214":{"Display":"furnace"},"215":{"Display":"hot"},"216":{"Display":"table"},"217":{"Display":"flag"},"218":{"Display":"pennant"},"219":{"Display":"3.5 floppy"},"220":{"Display":"3.5 inch disc"},"221":{"Display":"disk"},"222":{"Display":"file space"},"223":{"Display":"floppy"},"224":{"Display":"floppy disk"},"225":{"Display":"save"},"226":{"Display":"storage"},"227":{"Display":"flora"},"228":{"Display":"flower"},"229":{"Display":"lotus flower"},"230":{"Display":"petals"},"231":{"Display":"petunia"},"232":{"Display":"rafflesi"},"233":{"Display":"amphibian"},"234":{"Display":"frog"},"235":{"Display":"kermit"},"236":{"Display":"retile"},"237":{"Display":"toad"},"238":{"Display":"gun"},"239":{"Display":"handgun"},"240":{"Display":"pistol"},"241":{"Display":"revolver"},"242":{"Display":"semi-automatic"},"243":{"Display":"weapon"},"244":{"Display":"bird"},"245":{"Display":"chicken"},"246":{"Display":"chook"},"247":{"Display":"hen"},"248":{"Display":"rooster"},"249":{"Display":"accommodation"},"250":{"Display":"domicile"},"251":{"Display":"habitat"},"252":{"Display":"home"},"253":{"Display":"house"},"254":{"Display":"jacket"},"255":{"Display":"leather jacket"},"256":{"Display":"motorcycle jacket"},"257":{"Display":"children"},"258":{"Display":"couple"},"259":{"Display":"family"},"260":{"Display":"kids"},"261":{"Display":"siblings"},"262":{"Display":"unisex"},"263":{"Display":"death"},"264":{"Display":"death sentence"},"265":{"Display":"electric chair"},"266":{"Display":"king"},"267":{"Display":"monarch"},"268":{"Display":"queen"},"269":{"Display":"royal"},"270":{"Display":"ruler"},"271":{"Display":"throne"},"272":{"Display":"broken sword"},"273":{"Display":"dagger"},"274":{"Display":"knife"},"275":{"Display":"lipstick"},"276":{"Display":"computer"},"277":{"Display":"laptop"},"278":{"Display":"beard"},"279":{"Display":"bearded man"},"280":{"Display":"guy"},"281":{"Display":"hipster"},"282":{"Display":"male"},"283":{"Display":"man"},"284":{"Display":"person"},"285":{"Display":"cannibis"},"286":{"Display":"leaf"},"287":{"Display":"marijuana"},"288":{"Display":"plant"},"289":{"Display":"pot"},"290":{"Display":"weed"},"291":{"Display":"antibody"},"292":{"Display":"bacteria"},"293":{"Display":"bugs"},"294":{"Display":"cells"},"295":{"Display":"germs"},"296":{"Display":"infection"},"297":{"Display":"microorganism"},"298":{"Display":"virus"},"299":{"Display":"cash"},"300":{"Display":"coins"},"301":{"Display":"dollar coins"},"302":{"Display":"dollars"},"303":{"Display":"gold coins"},"304":{"Display":"money"},"305":{"Display":"bug"},"306":{"Display":"butterfly"},"307":{"Display":"insect"},"308":{"Display":"moth"},"309":{"Display":"gerbil"},"310":{"Display":"hamster"},"311":{"Display":"mouse"},"312":{"Display":"rat"},"313":{"Display":"rodent"},"314":{"Display":"chimneys"},"315":{"Display":"nuclear generator"},"316":{"Display":"nuclear power"},"317":{"Display":"nuclear power plant"},"318":{"Display":"smoke stack"},"319":{"Display":"steam"},"320":{"Display":"towers"},"321":{"Display":"beach"},"322":{"Display":"landscape"},"323":{"Display":"scenery"},"324":{"Display":"sea"},"325":{"Display":"summer"},"326":{"Display":"sun"},"327":{"Display":"sunny"},"328":{"Display":"weather"},"329":{"Display":"accessible parking"},"330":{"Display":"disabled parking"},"331":{"Display":"mobility park"},"332":{"Display":"parking"},"333":{"Display":"wheelchair park"},"334":{"Display":"aporo"},"335":{"Display":"apple"},"336":{"Display":"fruit"},"337":{"Display":"red delicious"},"338":{"Display":"audience"},"339":{"Display":"crowd"},"340":{"Display":"group"},"341":{"Display":"group of people"},"342":{"Display":"mob"},"343":{"Display":"people"},"344":{"Display":"queue"},"345":{"Display":"users"},"346":{"Display":"bird"},"347":{"Display":"eagle"},"348":{"Display":"hawk"},"349":{"Display":"bend"},"350":{"Display":"elbow bend"},"351":{"Display":"joint"},"352":{"Display":"pipes"},"353":{"Display":"plumber"},"354":{"Display":"plumbing"},"355":{"Display":"crockery"},"356":{"Display":"dinner plate"},"357":{"Display":"plate"},"358":{"Display":"christian"},"359":{"Display":"crucifix"},"360":{"Display":"cross"},"361":{"Display":"god botherer"},"362":{"Display":"minister"},"363":{"Display":"necklace"},"364":{"Display":"nun"},"365":{"Display":"pastor"},"366":{"Display":"priest"},"367":{"Display":"religious"},"368":{"Display":"computer geek"},"369":{"Display":"computer guy"},"370":{"Display":"computer scientist"},"371":{"Display":"computer user"},"372":{"Display":"geek"},"373":{"Display":"it worker"},"374":{"Display":"sys admin"},"375":{"Display":"techie"},"376":{"Display":"bog"},"377":{"Display":"cement"},"378":{"Display":"concrete"},"379":{"Display":"filler"},"380":{"Display":"grout"},"381":{"Display":"mortar"},"382":{"Display":"mud"},"383":{"Display":"pizza"},"384":{"Display":"pizza slice"},"385":{"Display":"plaster"},"386":{"Display":"cell phone"},"387":{"Display":"iphone"},"388":{"Display":"mobile phone"},"389":{"Display":"phone"},"390":{"Display":"smart phone"},"391":{"Display":"smartphone"},"392":{"Display":"bunny"},"393":{"Display":"hare"},"394":{"Display":"rabbit"},"395":{"Display":"computer memory"},"396":{"Display":"cpu"},"397":{"Display":"dongle"},"398":{"Display":"memory"},"399":{"Display":"memory card"},"400":{"Display":"memory chip"},"401":{"Display":"ram"},"402":{"Display":"audience"},"403":{"Display":"concert"},"404":{"Display":"crowd"},"405":{"Display":"gig"},"406":{"Display":"moshpit"},"407":{"Display":"party"},"408":{"Display":"bin"},"409":{"Display":"recycling bin"},"410":{"Display":"rubbish bin"},"411":{"Display":"wheely bin"},"412":{"Display":"chocolate wheel"},"413":{"Display":"icon"},"414":{"Display":"lottery ticket"},"415":{"Display":"lotto"},"416":{"Display":"lucky number"},"417":{"Display":"person"},"418":{"Display":"referee"},"419":{"Display":"ticket"},"420":{"Display":"winner"},"421":{"Display":"winning ticket"},"422":{"Display":"avenue"},"423":{"Display":"bridge"},"424":{"Display":"highway"},"425":{"Display":"ladder"},"426":{"Display":"lane"},"427":{"Display":"road"},"428":{"Display":"street"},"429":{"Display":"train tracks"},"430":{"Display":"android"},"431":{"Display":"droid"},"432":{"Display":"machine"},"433":{"Display":"metal mickey"},"434":{"Display":"robot"},"435":{"Display":"boulders"},"436":{"Display":"cliff"},"437":{"Display":"rocks"},"438":{"Display":"modem"},"439":{"Display":"router"},"440":{"Display":"wifi"},"441":{"Display":"wireless router"},"442":{"Display":"exit"},"443":{"Display":"runners"},"444":{"Display":"running"},"445":{"Display":"team"},"446":{"Display":"boat"},"447":{"Display":"cruiseliner"},"448":{"Display":"ferry"},"449":{"Display":"sea"},"450":{"Display":"ship"},"451":{"Display":"steamer"},"452":{"Display":"tug boat"},"453":{"Display":"yatch"},"454":{"Display":"boat shoe"},"455":{"Display":"deck shoe"},"456":{"Display":"karate shoe"},"457":{"Display":"loafer"},"458":{"Display":"shoe"},"459":{"Display":"slip ons"},"460":{"Display":"slipper"},"461":{"Display":"vans"},"462":{"Display":"basin"},"463":{"Display":"sink"},"464":{"Display":"tap"},"465":{"Display":"breakfast"},"466":{"Display":"coffee and croissant"},"467":{"Display":"feed"},"468":{"Display":"smoko"},"469":{"Display":"tea"},"470":{"Display":"tea and croissant"},"471":{"Display":"adder"},"472":{"Display":"reptile"},"473":{"Display":"serpent"},"474":{"Display":"snake"},"475":{"Display":"sperm"},"476":{"Display":"worm"},"477":{"Display":"face"},"478":{"Display":"plug"},"479":{"Display":"powerpoint"},"480":{"Display":"sad"},"481":{"Display":"smiley"},"482":{"Display":"socket"},"483":{"Display":"tv"},"484":{"Display":"armed"},"485":{"Display":"armed defender"},"486":{"Display":"army"},"487":{"Display":"assasin"},"488":{"Display":"criminal"},"489":{"Display":"gunman"},"490":{"Display":"killer"},"491":{"Display":"militant"},"492":{"Display":"murder"},"493":{"Display":"rifleman"},"494":{"Display":"shooter"},"495":{"Display":"sniper"},"496":{"Display":"soldier"},"497":{"Display":"at&t"},"498":{"Display":"ball"},"499":{"Display":"circle"},"500":{"Display":"globe"},"501":{"Display":"sphere"},"502":{"Display":"instructor"},"503":{"Display":"lecturer"},"504":{"Display":"pointer"},"505":{"Display":"presenter"},"506":{"Display":"teach"},"507":{"Display":"teacher"},"508":{"Display":"teaching"},"509":{"Display":"tutor"},"510":{"Display":"whiteboard"},"511":{"Display":"burglar"},"512":{"Display":"cash"},"513":{"Display":"heist"},"514":{"Display":"money"},"515":{"Display":"robber"},"516":{"Display":"thief"},"517":{"Display":"ipad"},"518":{"Display":"phone"},"519":{"Display":"tablet"},"520":{"Display":"touch"},"521":{"Display":"touchpad"},"522":{"Display":"touchscreen"},"523":{"Display":"tree"},"524":{"Display":"flash drive"},"525":{"Display":"memory stick"},"526":{"Display":"thumb drive"},"527":{"Display":"usb drive"},"528":{"Display":"usb stick"},"529":{"Display":"computer game"},"530":{"Display":"consoles"},"531":{"Display":"game"},"532":{"Display":"gaming"},"533":{"Display":"ghost"},"534":{"Display":"nintendo"},"535":{"Display":"pacman"},"536":{"Display":"playstation"},"537":{"Display":"videogames"},"538":{"Display":"cello"},"539":{"Display":"instrument"},"540":{"Display":"mandolin"},"541":{"Display":"musical instrument"},"542":{"Display":"viola"},"543":{"Display":"violin"},"544":{"Display":"alcohol"},"545":{"Display":"booze"},"546":{"Display":"champagne"},"547":{"Display":"cheers"},"548":{"Display":"drinks"},"549":{"Display":"toast"},"550":{"Display":"wine"},"551":{"Display":"wine glasses"},"552":{"Display":"chick"},"553":{"Display":"female"},"554":{"Display":"girl"},"555":{"Display":"lady"},"556":{"Display":"woman"},"557":{"Display":"pigeon"},"558":{"Display":"Android"},"559":{"Display":"Terrorist"}},"ChoiceOrder":[1,2,3,4,5,6,7,8,9,10,11,12,13,14,15,16,17,18,19,20,21,22,23,24,25,26,27,28,29,30,31,32,33,34,35,36,37,38,39,40,41,42,43,44,45,46,47,48,49,50,51,52,53,54,55,56,57,58,59,60,61,62,63,64,65,66,67,68,69,70,71,72,73,74,75,76,77,78,79,80,81,82,83,84,85,86,87,88,89,90,91,92,93,94,95,96,97,98,99,100,101,102,103,104,105,106,107,108,109,110,111,112,113,114,115,116,117,118,119,120,121,122,123,124,125,126,127,128,129,130,131,132,133,134,135,136,137,138,139,140,141,142,143,144,145,146,147,148,149,150,151,152,153,154,155,156,157,158,159,160,161,162,163,164,165,166,167,168,169,170,171,172,173,174,175,176,177,178,179,180,181,182,183,184,185,186,187,188,189,190,191,192,193,194,195,196,197,198,199,200,201,202,203,204,205,206,207,208,209,210,211,212,213,214,215,216,217,218,219,220,221,222,223,224,225,226,227,228,229,230,231,232,233,234,235,236,237,238,239,240,241,242,243,244,245,246,247,248,249,250,251,252,253,254,255,256,257,258,259,260,261,262,263,264,265,266,267,268,269,270,271,272,273,274,275,276,277,278,279,280,281,282,283,284,285,286,287,288,289,290,291,292,293,294,295,296,297,298,299,300,301,302,303,304,305,306,307,308,309,310,311,312,313,314,315,316,317,318,319,320,321,322,323,324,325,326,327,328,329,330,331,332,333,334,335,336,337,338,339,340,341,342,343,344,345,346,347,348,349,350,351,352,353,354,355,356,357,358,359,360,361,362,363,364,365,366,367,368,369,370,371,372,373,374,375,376,377,378,379,380,381,382,383,384,385,386,387,388,389,390,391,392,393,394,395,396,397,398,399,400,401,402,403,404,405,406,407,408,409,410,411,412,413,414,415,416,417,418,419,420,421,422,423,424,425,426,427,428,429,430,431,432,433,434,435,436,437,438,439,440,441,442,443,444,445,446,447,448,449,450,451,452,453,454,455,456,457,458,459,460,461,462,463,464,465,466,467,468,469,470,471,472,473,474,475,476,477,478,479,480,481,482,483,484,485,486,487,488,489,490,491,492,493,494,495,496,497,498,499,500,501,502,503,504,505,506,507,508,509,510,511,512,513,514,515,516,517,518,519,520,521,522,523,524,525,526,527,528,529,530,531,532,533,534,535,536,537,538,539,540,541,542,543,544,545,546,547,548,549,550,551,552,553,554,555,556,557,558,559],"Randomization":{"TotalRandSubset":"","Advanced":null,"Type":"All"},"Validation":{"Settings":{"ForceResponse":"OFF","Type":"None"}},"GradingData":[],"Language":[],"NumberOfQuestions":1,"AdditionalQuestions":{"1":{"QuestionText":"Please indicate what you feel when you read this words.","Answers":{"1":{"Display":"Very happy"},"2":{"Display":"Somewhat happy"},"3":{"Display":"Just a little happy"},"4":{"Display":"Not Applicable"},"5":{"Display":"Just a little sad"},"6":{"Display":"Somewhat sad"},"7":{"Display":"Very sad"}},"RecodeValues":[],"VariableNaming":[],"AnalyzeChoices":[],"QuestionType":"Matrix","Selector":"Likert","SubSelector":"SingleAnswer","ChoiceColumnWidthPixels":null,"Configuration":{"ChoiceColumnWidthPixels":525,"QuestionDescriptionOption":"UseText"},"Validation":{"Settings":{"ForceResponse":"OFF","Type":"None"}},"DataExportTag":"Q51#1","QuestionID":"QID5#1","Choices":{"1":{"Display":"tummy"},"2":{"Display":"alligator"},"3":{"Display":"crocodile"},"4":{"Display":"reptile"},"5":{"Display":"artist"},"6":{"Display":"painter"},"7":{"Display":"painting"},"8":{"Display":"athlete"},"9":{"Display":"ball"},"10":{"Display":"football"},"11":{"Display":"football player"},"12":{"Display":"kick"},"13":{"Display":"play"},"14":{"Display":"player"},"15":{"Display":"soccer"},"16":{"Display":"sportsman"},"17":{"Display":"axes"},"18":{"Display":"hatchet"},"19":{"Display":"wood splitter"},"20":{"Display":"baby"},"21":{"Display":"child"},"22":{"Display":"crawl"},"23":{"Display":"crawler"},"24":{"Display":"crawling"},"25":{"Display":"infant"},"26":{"Display":"kid"},"27":{"Display":"sprog"},"28":{"Display":"toddler"},"29":{"Display":"barrels"},"30":{"Display":"beehive"},"31":{"Display":"drum"},"32":{"Display":"shield"},"33":{"Display":"baseball"},"34":{"Display":"baseball bat"},"35":{"Display":"bat"},"36":{"Display":"softball bat"},"37":{"Display":"beach"},"38":{"Display":"beach umbrella"},"39":{"Display":"summer"},"40":{"Display":"sun"},"41":{"Display":"sun shade"},"42":{"Display":"sun umbrella"},"43":{"Display":"umbrella"},"44":{"Display":"beans"},"45":{"Display":"broad beans"},"46":{"Display":"coffee"},"47":{"Display":"coffee beans"},"48":{"Display":"legumes"},"49":{"Display":"bee"},"50":{"Display":"bumble bee"},"51":{"Display":"buzzy bee"},"52":{"Display":"honey"},"53":{"Display":"honeybee"},"54":{"Display":"insect"},"55":{"Display":"bug"},"56":{"Display":"insect"},"57":{"Display":"ladybird"},"58":{"Display":"ladybug"},"59":{"Display":"baby"},"60":{"Display":"belly"},"61":{"Display":"bump"},"62":{"Display":"fetus"},"63":{"Display":"pregnant"},"64":{"Display":"pregnant belly"},"65":{"Display":"stomach"},"66":{"Display":"bench"},"67":{"Display":"garden bench"},"68":{"Display":"park bench"},"69":{"Display":"seat"},"70":{"Display":"berries"},"71":{"Display":"berry fruit"},"72":{"Display":"blackberry"},"73":{"Display":"fruit"},"74":{"Display":"raspberry"},"75":{"Display":"strawberry"},"76":{"Display":"summer fruit"},"77":{"Display":"boot"},"78":{"Display":"doc martin"},"79":{"Display":"high top"},"80":{"Display":"safety boot"},"81":{"Display":"shoe"},"82":{"Display":"work boot"},"83":{"Display":"blossom"},"84":{"Display":"flowers"},"85":{"Display":"plant"},"86":{"Display":"weed"},"87":{"Display":"canoe"},"88":{"Display":"kayak"},"89":{"Display":"automobile"},"90":{"Display":"car"},"91":{"Display":"hatchback"},"92":{"Display":"old dunger"},"93":{"Display":"vehicle"},"94":{"Display":"cart"},"95":{"Display":"shopping cart"},"96":{"Display":"shopping trolley"},"97":{"Display":"trolley"},"98":{"Display":"angus"},"99":{"Display":"beef"},"100":{"Display":"bulls"},"101":{"Display":"cattle"},"102":{"Display":"cows"},"103":{"Display":"dairy farm"},"104":{"Display":"farm"},"105":{"Display":"herd"},"106":{"Display":"livestock"},"107":{"Display":"stock"},"108":{"Display":"arch"},"109":{"Display":"cave"},"110":{"Display":"hole in the rock"},"111":{"Display":"rock"},"112":{"Display":"cathedral"},"113":{"Display":"church"},"114":{"Display":"buildings"},"115":{"Display":"city"},"116":{"Display":"cityscape"},"117":{"Display":"high-rise buildings"},"118":{"Display":"skyscrapers"},"119":{"Display":"town"},"120":{"Display":"caretaker"},"121":{"Display":"cleaner"},"122":{"Display":"dustman"},"123":{"Display":"janitor"},"124":{"Display":"clothes"},"125":{"Display":"clothing"},"126":{"Display":"gear"},"127":{"Display":"outfit"},"128":{"Display":"computer"},"129":{"Display":"desktop"},"130":{"Display":"monitor"},"131":{"Display":"pc"},"132":{"Display":"remote"},"133":{"Display":"remote control"},"134":{"Display":"teelvision"},"135":{"Display":"tv"},"136":{"Display":"baker"},"137":{"Display":"chef"},"138":{"Display":"cook"},"139":{"Display":"woman"},"140":{"Display":"cop"},"141":{"Display":"pig"},"142":{"Display":"police officer"},"143":{"Display":"policeman"},"144":{"Display":"security guard"},"145":{"Display":"sheriff"},"146":{"Display":"arm chair"},"147":{"Display":"chair"},"148":{"Display":"couch"},"149":{"Display":"easy chair"},"150":{"Display":"sofa"},"151":{"Display":"christianity"},"152":{"Display":"cross"},"153":{"Display":"fire hydrant"},"154":{"Display":"breakfast cup"},"155":{"Display":"coffee"},"156":{"Display":"coffee cup"},"157":{"Display":"cup"},"158":{"Display":"cuppa"},"159":{"Display":"mug"},"160":{"Display":"tea"},"161":{"Display":"tea cup"},"162":{"Display":"clay"},"163":{"Display":"dirt"},"164":{"Display":"gravel"},"165":{"Display":"heap"},"166":{"Display":"pile"},"167":{"Display":"sand"},"168":{"Display":"soil"},"169":{"Display":"doctor"},"170":{"Display":"gp"},"171":{"Display":"medical professional"},"172":{"Display":"specialist"},"173":{"Display":"canine"},"174":{"Display":"chasing"},"175":{"Display":"dog"},"176":{"Display":"hound"},"177":{"Display":"kangaroo"},"178":{"Display":"mongrel"},"179":{"Display":"running"},"180":{"Display":"wallaby"},"181":{"Display":"wolf"},"182":{"Display":"ajar"},"183":{"Display":"door"},"184":{"Display":"doorway"},"185":{"Display":"entrance"},"186":{"Display":"exit"},"187":{"Display":"open"},"188":{"Display":"cocktail"},"189":{"Display":"drinks"},"190":{"Display":"glass"},"191":{"Display":"straw"},"192":{"Display":"drugs"},"193":{"Display":"medication"},"194":{"Display":"medicine"},"195":{"Display":"meds"},"196":{"Display":"pills"},"197":{"Display":"tablets"},"198":{"Display":"desert"},"199":{"Display":"sand dunes"},"200":{"Display":"sandhills"},"201":{"Display":"eraser"},"202":{"Display":"rubber"},"203":{"Display":"castle"},"204":{"Display":"factory"},"205":{"Display":"industry"},"206":{"Display":"manufacturer"},"207":{"Display":"pollution"},"208":{"Display":"workshop"},"209":{"Display":"barbecue"},"210":{"Display":"bbq"},"211":{"Display":"fire"},"212":{"Display":"fireplace"},"213":{"Display":"flammable"},"214":{"Display":"furnace"},"215":{"Display":"hot"},"216":{"Display":"table"},"217":{"Display":"flag"},"218":{"Display":"pennant"},"219":{"Display":"3.5 floppy"},"220":{"Display":"3.5 inch disc"},"221":{"Display":"disk"},"222":{"Display":"file space"},"223":{"Display":"floppy"},"224":{"Display":"floppy disk"},"225":{"Display":"save"},"226":{"Display":"storage"},"227":{"Display":"flora"},"228":{"Display":"flower"},"229":{"Display":"lotus flower"},"230":{"Display":"petals"},"231":{"Display":"petunia"},"232":{"Display":"rafflesi"},"233":{"Display":"amphibian"},"234":{"Display":"frog"},"235":{"Display":"kermit"},"236":{"Display":"retile"},"237":{"Display":"toad"},"238":{"Display":"gun"},"239":{"Display":"handgun"},"240":{"Display":"pistol"},"241":{"Display":"revolver"},"242":{"Display":"semi-automatic"},"243":{"Display":"weapon"},"244":{"Display":"bird"},"245":{"Display":"chicken"},"246":{"Display":"chook"},"247":{"Display":"hen"},"248":{"Display":"rooster"},"249":{"Display":"accommodation"},"250":{"Display":"domicile"},"251":{"Display":"habitat"},"252":{"Display":"home"},"253":{"Display":"house"},"254":{"Display":"jacket"},"255":{"Display":"leather jacket"},"256":{"Display":"motorcycle jacket"},"257":{"Display":"children"},"258":{"Display":"couple"},"259":{"Display":"family"},"260":{"Display":"kids"},"261":{"Display":"siblings"},"262":{"Display":"unisex"},"263":{"Display":"death"},"264":{"Display":"death sentence"},"265":{"Display":"electric chair"},"266":{"Display":"king"},"267":{"Display":"monarch"},"268":{"Display":"queen"},"269":{"Display":"royal"},"270":{"Display":"ruler"},"271":{"Display":"throne"},"272":{"Display":"broken sword"},"273":{"Display":"dagger"},"274":{"Display":"knife"},"275":{"Display":"lipstick"},"276":{"Display":"computer"},"277":{"Display":"laptop"},"278":{"Display":"beard"},"279":{"Display":"bearded man"},"280":{"Display":"guy"},"281":{"Display":"hipster"},"282":{"Display":"male"},"283":{"Display":"man"},"284":{"Display":"person"},"285":{"Display":"cannibis"},"286":{"Display":"leaf"},"287":{"Display":"marijuana"},"288":{"Display":"plant"},"289":{"Display":"pot"},"290":{"Display":"weed"},"291":{"Display":"antibody"},"292":{"Display":"bacteria"},"293":{"Display":"bugs"},"294":{"Display":"cells"},"295":{"Display":"germs"},"296":{"Display":"infection"},"297":{"Display":"microorganism"},"298":{"Display":"virus"},"299":{"Display":"cash"},"300":{"Display":"coins"},"301":{"Display":"dollar coins"},"302":{"Display":"dollars"},"303":{"Display":"gold coins"},"304":{"Display":"money"},"305":{"Display":"bug"},"306":{"Display":"butterfly"},"307":{"Display":"insect"},"308":{"Display":"moth"},"309":{"Display":"gerbil"},"310":{"Display":"hamster"},"311":{"Display":"mouse"},"312":{"Display":"rat"},"313":{"Display":"rodent"},"314":{"Display":"chimneys"},"315":{"Display":"nuclear generator"},"316":{"Display":"nuclear power"},"317":{"Display":"nuclear power plant"},"318":{"Display":"smoke stack"},"319":{"Display":"steam"},"320":{"Display":"towers"},"321":{"Display":"beach"},"322":{"Display":"landscape"},"323":{"Display":"scenery"},"324":{"Display":"sea"},"325":{"Display":"summer"},"326":{"Display":"sun"},"327":{"Display":"sunny"},"328":{"Display":"weather"},"329":{"Display":"accessible parking"},"330":{"Display":"disabled parking"},"331":{"Display":"mobility park"},"332":{"Display":"parking"},"333":{"Display":"wheelchair park"},"334":{"Display":"aporo"},"335":{"Display":"apple"},"336":{"Display":"fruit"},"337":{"Display":"red delicious"},"338":{"Display":"audience"},"339":{"Display":"crowd"},"340":{"Display":"group"},"341":{"Display":"group of people"},"342":{"Display":"mob"},"343":{"Display":"people"},"344":{"Display":"queue"},"345":{"Display":"users"},"346":{"Display":"bird"},"347":{"Display":"eagle"},"348":{"Display":"hawk"},"349":{"Display":"bend"},"350":{"Display":"elbow bend"},"351":{"Display":"joint"},"352":{"Display":"pipes"},"353":{"Display":"plumber"},"354":{"Display":"plumbing"},"355":{"Display":"crockery"},"356":{"Display":"dinner plate"},"357":{"Display":"plate"},"358":{"Display":"christian"},"359":{"Display":"crucifix"},"360":{"Display":"cross"},"361":{"Display":"god botherer"},"362":{"Display":"minister"},"363":{"Display":"necklace"},"364":{"Display":"nun"},"365":{"Display":"pastor"},"366":{"Display":"priest"},"367":{"Display":"religious"},"368":{"Display":"computer geek"},"369":{"Display":"computer guy"},"370":{"Display":"computer scientist"},"371":{"Display":"computer user"},"372":{"Display":"geek"},"373":{"Display":"it worker"},"374":{"Display":"sys admin"},"375":{"Display":"techie"},"376":{"Display":"bog"},"377":{"Display":"cement"},"378":{"Display":"concrete"},"379":{"Display":"filler"},"380":{"Display":"grout"},"381":{"Display":"mortar"},"382":{"Display":"mud"},"383":{"Display":"pizza"},"384":{"Display":"pizza slice"},"385":{"Display":"plaster"},"386":{"Display":"cell phone"},"387":{"Display":"iphone"},"388":{"Display":"mobile phone"},"389":{"Display":"phone"},"390":{"Display":"smart phone"},"391":{"Display":"smartphone"},"392":{"Display":"bunny"},"393":{"Display":"hare"},"394":{"Display":"rabbit"},"395":{"Display":"computer memory"},"396":{"Display":"cpu"},"397":{"Display":"dongle"},"398":{"Display":"memory"},"399":{"Display":"memory card"},"400":{"Display":"memory chip"},"401":{"Display":"ram"},"402":{"Display":"audience"},"403":{"Display":"concert"},"404":{"Display":"crowd"},"405":{"Display":"gig"},"406":{"Display":"moshpit"},"407":{"Display":"party"},"408":{"Display":"bin"},"409":{"Display":"recycling bin"},"410":{"Display":"rubbish bin"},"411":{"Display":"wheely bin"},"412":{"Display":"chocolate wheel"},"413":{"Display":"icon"},"414":{"Display":"lottery ticket"},"415":{"Display":"lotto"},"416":{"Display":"lucky number"},"417":{"Display":"person"},"418":{"Display":"referee"},"419":{"Display":"ticket"},"420":{"Display":"winner"},"421":{"Display":"winning ticket"},"422":{"Display":"avenue"},"423":{"Display":"bridge"},"424":{"Display":"highway"},"425":{"Display":"ladder"},"426":{"Display":"lane"},"427":{"Display":"road"},"428":{"Display":"street"},"429":{"Display":"train tracks"},"430":{"Display":"android"},"431":{"Display":"droid"},"432":{"Display":"machine"},"433":{"Display":"metal mickey"},"434":{"Display":"robot"},"435":{"Display":"boulders"},"436":{"Display":"cliff"},"437":{"Display":"rocks"},"438":{"Display":"modem"},"439":{"Display":"router"},"440":{"Display":"wifi"},"441":{"Display":"wireless router"},"442":{"Display":"exit"},"443":{"Display":"runners"},"444":{"Display":"running"},"445":{"Display":"team"},"446":{"Display":"boat"},"447":{"Display":"cruiseliner"},"448":{"Display":"ferry"},"449":{"Display":"sea"},"450":{"Display":"ship"},"451":{"Display":"steamer"},"452":{"Display":"tug boat"},"453":{"Display":"yatch"},"454":{"Display":"boat shoe"},"455":{"Display":"deck shoe"},"456":{"Display":"karate shoe"},"457":{"Display":"loafer"},"458":{"Display":"shoe"},"459":{"Display":"slip ons"},"460":{"Display":"slipper"},"461":{"Display":"vans"},"462":{"Display":"basin"},"463":{"Display":"sink"},"464":{"Display":"tap"},"465":{"Display":"breakfast"},"466":{"Display":"coffee and croissant"},"467":{"Display":"feed"},"468":{"Display":"smoko"},"469":{"Display":"tea"},"470":{"Display":"tea and croissant"},"471":{"Display":"adder"},"472":{"Display":"reptile"},"473":{"Display":"serpent"},"474":{"Display":"snake"},"475":{"Display":"sperm"},"476":{"Display":"worm"},"477":{"Display":"face"},"478":{"Display":"plug"},"479":{"Display":"powerpoint"},"480":{"Display":"sad"},"481":{"Display":"smiley"},"482":{"Display":"socket"},"483":{"Display":"tv"},"484":{"Display":"armed"},"485":{"Display":"armed defender"},"486":{"Display":"army"},"487":{"Display":"assasin"},"488":{"Display":"criminal"},"489":{"Display":"gunman"},"490":{"Display":"killer"},"491":{"Display":"militant"},"492":{"Display":"murder"},"493":{"Display":"rifleman"},"494":{"Display":"shooter"},"495":{"Display":"sniper"},"496":{"Display":"soldier"},"497":{"Display":"at&t"},"498":{"Display":"ball"},"499":{"Display":"circle"},"500":{"Display":"globe"},"501":{"Display":"sphere"},"502":{"Display":"instructor"},"503":{"Display":"lecturer"},"504":{"Display":"pointer"},"505":{"Display":"presenter"},"506":{"Display":"teach"},"507":{"Display":"teacher"},"508":{"Display":"teaching"},"509":{"Display":"tutor"},"510":{"Display":"whiteboard"},"511":{"Display":"burglar"},"512":{"Display":"cash"},"513":{"Display":"heist"},"514":{"Display":"money"},"515":{"Display":"robber"},"516":{"Display":"thief"},"517":{"Display":"ipad"},"518":{"Display":"phone"},"519":{"Display":"tablet"},"520":{"Display":"touch"},"521":{"Display":"touchpad"},"522":{"Display":"touchscreen"},"523":{"Display":"tree"},"524":{"Display":"flash drive"},"525":{"Display":"memory stick"},"526":{"Display":"thumb drive"},"527":{"Display":"usb drive"},"528":{"Display":"usb stick"},"529":{"Display":"computer game"},"530":{"Display":"consoles"},"531":{"Display":"game"},"532":{"Display":"gaming"},"533":{"Display":"ghost"},"534":{"Display":"nintendo"},"535":{"Display":"pacman"},"536":{"Display":"playstation"},"537":{"Display":"videogames"},"538":{"Display":"cello"},"539":{"Display":"instrument"},"540":{"Display":"mandolin"},"541":{"Display":"musical instrument"},"542":{"Display":"viola"},"543":{"Display":"violin"},"544":{"Display":"alcohol"},"545":{"Display":"booze"},"546":{"Display":"champagne"},"547":{"Display":"cheers"},"548":{"Display":"drinks"},"549":{"Display":"toast"},"550":{"Display":"wine"},"551":{"Display":"wine glasses"},"552":{"Display":"chick"},"553":{"Display":"female"},"554":{"Display":"girl"},"555":{"Display":"lady"},"556":{"Display":"woman"},"557":{"Display":"pigeon"},"558":{"Display":"Android"},"559":{"Display":"Terrorist"}},"ChoiceDataExportTags":false,"QuestionDescription":"Please indicate what you feel when you read this words."}},"ChoiceDataExportTags":false}},{"SurveyID":"SV_6rrpbxJ4v65IiBn","Element":"SQ","PrimaryAttribute":"QID2","SecondaryAttribute":"Please indicate what you feel when you see this images. ","TertiaryAttribute":null,"Payload":{"QuestionText":"Please indicate what you feel when you see this images.&nbsp;","DefaultChoices":false,"DataExportTag":"Q50","QuestionType":"SBS","Selector":"SBSMatrix","Configuration":{"QuestionDescriptionOption":"UseText","RepeatHeaders":"middle","ChoiceColumnWidthPixels":82},"QuestionDescription":"Please indicate what you feel when you see this images. ","Choices":{"1":{"Display":"<img src=\"https://canterbury.qualtrics.com/CP/Graphic.php?IM=IM_6hPGXOLo06TD9aZ\" style=\"width: 64px; height: 64px;\" />"},"2":{"Display":"<img src=\"https://canterbury.qualtrics.com/CP/Graphic.php?IM=IM_2sDznfoT8eBBgxv\" style=\"width: 64px; height: 64px;\" />"},"3":{"Display":"","Image":{"Display":"belly","ImageLocation":"IM_22YLlN1hnUpTfNj"}}},"ChoiceOrder":[1,2,3],"Validation":{"Settings":{"ForceResponse":"OFF","Type":"None"}},"GradingData":[],"Language":[],"NumberOfQuestions":1,"AdditionalQuestions":{"1":{"QuestionText":"Indicate what you feel when you see this images","Answers":{"1":{"Display":"Very happy"},"2":{"Display":"Somewhat happy"},"3":{"Display":"Just a little happy"},"4":{"Display":"Not Applicable"},"5":{"Display":"Just a little sad"},"6":{"Display":"Somewhat sad"},"7":{"Display":"Very sad"}},"RecodeValues":[],"VariableNaming":[],"AnalyzeChoices":[],"QuestionType":"Matrix","Selector":"Likert","SubSelector":"SingleAnswer","ChoiceColumnWidthPixels":null,"Configuration":{"ChoiceColumnWidthPixels":548,"QuestionDescriptionOption":"UseText"},"Validation":{"Settings":{"ForceResponse":"OFF","Type":"None"}},"DataExportTag":"Q50#1","QuestionID":"QID2#1","Choices":{"1":{"Display":"<img src=\"https://canterbury.qualtrics.com/CP/Graphic.php?IM=IM_6hPGXOLo06TD9aZ\" style=\"width: 64px; height: 64px;\" />"},"2":{"Display":"<img src=\"https://canterbury.qualtrics.com/CP/Graphic.php?IM=IM_2sDznfoT8eBBgxv\" style=\"width: 64px; height: 64px;\" />"},"3":{"Display":"","Image":{"Display":"belly","ImageLocation":"IM_22YLlN1hnUpTfNj"}}},"ChoiceDataExportTags":false,"QuestionDescription":"Indicate what you feel when you see this images"}},"ChoiceDataExportTags":false,"QuestionID":"QID2","Randomization":{"TotalRandSubset":"","Advanced":null,"Type":"All"}}},{"SurveyID":"SV_6rrpbxJ4v65IiBn","Element":"SQ","PrimaryAttribute":"QID24","SecondaryAttribute":"PLEASE make sure you filled as much as possible before you click next to finish.  (User the BACK...","TertiaryAttribute":null,"Payload":{"QuestionText":"<span style=\"color: rgb(0, 0, 0); font-family: arial, helvetica, sans-serif; font-size: 22px;\"><strong>PLEASE make sure you filled as much as possible before you click next to finish.&nbsp;</strong></span>\n<div style=\"margin: 0px; padding: 0px; color: rgb(0, 0, 0); font-family: arial, helvetica, sans-serif; font-size: 12px;\">(User the BACK button to check)</div>\n\n<div style=\"margin: 0px; padding: 0px; color: rgb(0, 0, 0); font-family: arial, helvetica, sans-serif; font-size: 12px;\">Thank you</div>","DefaultChoices":false,"DataExportTag":"Q24","QuestionType":"DB","Selector":"TB","Configuration":{"QuestionDescriptionOption":"UseText"},"QuestionDescription":"PLEASE make sure you filled as much as possible before you click next to finish.  (User the BACK...","ChoiceOrder":[],"Validation":{"Settings":{"Type":"None"}},"GradingData":[],"Language":[],"QuestionID":"QID24"}},{"SurveyID":"SV_6rrpbxJ4v65IiBn","Element":"SQ","PrimaryAttribute":"QID19","SecondaryAttribute":"What is the highest degree or level of school you have completed? If currently enrolled, highest...","TertiaryAttribute":null,"Payload":{"QuestionText":"<span style=\"color: rgb(77, 81, 84); font-family: 'Open Sans', Helvetica, sans-serif; font-size: 14px; line-height: 22.3999996185303px;\">What is the highest degree or level of school you have completed?&nbsp;</span><em style=\"box-sizing: border-box; line-height: 22.3999996185303px; color: rgb(77, 81, 84); font-family: 'Open Sans', Helvetica, sans-serif; font-size: 14px;\">If currently enrolled, highest degree received.</em>","DataExportTag":"Q19","QuestionType":"MC","Selector":"SAVR","SubSelector":"TX","Configuration":{"QuestionDescriptionOption":"UseText"},"QuestionDescription":"What is the highest degree or level of school you have completed? If currently enrolled, highest...","Choices":{"1":{"Display":"No schooling completed"},"2":{"Display":"Some high school, no diploma"},"3":{"Display":"High school graduate, diploma or the equivalent"},"4":{"Display":"Some college credit, no degree"},"5":{"Display":"Trade/technical/vocational training"},"6":{"Display":"Associate degree"},"7":{"Display":"Bachelor’s degree"},"8":{"Display":"Master’s degree"},"9":{"Display":"Professional degree"},"10":{"Display":"Doctorate degree"}},"ChoiceOrder":[1,2,3,4,5,6,7,8,9,10],"Validation":{"Settings":{"ForceResponse":"ON","ForceResponseType":"ON","Type":"None"}},"Language":[],"QuestionID":"QID19"}},{"SurveyID":"SV_6rrpbxJ4v65IiBn","Element":"SQ","PrimaryAttribute":"QID11","SecondaryAttribute":"What is your age?","TertiaryAttribute":null,"Payload":{"QuestionText":"What is your age?","DefaultChoices":false,"DataExportTag":"Q16","QuestionType":"Slider","Selector":"HSLIDER","Configuration":{"QuestionDescriptionOption":"UseText","CSSliderMin":18,"CSSliderMax":100,"GridLines":10,"SnapToGrid":false,"NumDecimals":"0","ShowValue":true,"CustomStart":true,"SliderStartPositions":{"1":0},"NotApplicable":false,"MobileFirst":false},"QuestionDescription":"What is your age?","Choices":{"1":{"Display":"AGE"}},"ChoiceOrder":[1],"Validation":{"Settings":{"ForceResponse":"ON","ForceResponseType":"ON","Type":"None"}},"GradingData":[],"Language":[],"Labels":[],"QuestionID":"QID11"}},{"SurveyID":"SV_6rrpbxJ4v65IiBn","Element":"SQ","PrimaryAttribute":"QID13","SecondaryAttribute":"When you learned English, what country did you live in?","TertiaryAttribute":null,"Payload":{"QuestionText":"When you learned English, what country did you live in?","DefaultChoices":false,"DataExportTag":"Q19","QuestionID":"QID13","QuestionType":"TE","Selector":"SL","Configuration":{"QuestionDescriptionOption":"UseText"},"QuestionDescription":"When you learned English, what country did you live in?","Validation":{"Settings":{"ForceResponse":"OFF","ForceResponseType":"ON","Type":"None"}},"GradingData":[],"Language":[]}},{"SurveyID":"SV_6rrpbxJ4v65IiBn","Element":"SQ","PrimaryAttribute":"QID21","SecondaryAttribute":"YOUR NAME Please add you name so we can identify you when you ask for the voucher. In case you do...","TertiaryAttribute":null,"Payload":{"QuestionText":"YOUR NAME<div>Please add you name so we can identify you when you ask for the voucher. In case you don't want to give us your name, add any other text you can uniquely identify when you claim your voucher.</div>","DefaultChoices":false,"DataExportTag":"Q21","QuestionType":"TE","Selector":"SL","Configuration":{"QuestionDescriptionOption":"UseText"},"QuestionDescription":"YOUR NAME Please add you name so we can identify you when you ask for the voucher. In case you do...","Validation":{"Settings":{"ForceResponse":"ON","ForceResponseType":"ON","Type":"None"}},"GradingData":[],"Language":[],"QuestionID":"QID21"}}]}