{"SurveyEntry":{"SurveyID":"SV_6QERW7dm6g7LURD","SurveyName":"mainAfter_template","SurveyDescription":null,"SurveyOwnerID":"UR_3FeL2IFyA8kH2C1","SurveyBrandID":"canterbury","DivisionID":null,"SurveyLanguage":"EN","SurveyActiveResponseSet":"RS_eUS9zxaEuQ00K6F","SurveyStatus":"Inactive","SurveyStartDate":"0000-00-00 00:00:00","SurveyExpirationDate":"0000-00-00 00:00:00","SurveyCreationDate":"2015-08-24 10:52:59","CreatorID":"UR_3FeL2IFyA8kH2C1","LastModified":"2015-08-24 10:54:28","LastAccessed":"0000-00-00 00:00:00","LastActivated":"0000-00-00 00:00:00","Deleted":null},"SurveyElements":[{"SurveyID":"SV_6QERW7dm6g7LURD","Element":"BL","PrimaryAttribute":"Survey Blocks","SecondaryAttribute":null,"TertiaryAttribute":null,"Payload":{"0":{"Type":"Default","Description":"Demographics","ID":"BL_3mAkI6F2dewBkQ5","BlockElements":[{"Type":"Question","QuestionID":"QID21"}]},"1":{"Type":"Trash","Description":"Trash \/ Unused Questions","ID":"BL_3qHxDJ1zBItfJsN","BlockElements":[{"Type":"Question","QuestionID":"QID3"}]},"4":{"Type":"Standard","SubType":"","Description":"Block 3","ID":"BL_3lTEzRnSlYMFhn7","BlockElements":[{"Type":"Question","QuestionID":"QID24"}]}}},{"SurveyID":"SV_6QERW7dm6g7LURD","Element":"FL","PrimaryAttribute":"Survey Flow","SecondaryAttribute":null,"TertiaryAttribute":null,"Payload":{"Type":"Root","FlowID":"FL_1","Flow":[{"Type":"Block","ID":"BL_3mAkI6F2dewBkQ5","FlowID":"FL_2"},{"Type":"BlockRandomizer","FlowID":"FL_8","SubSet":0,"EvenPresentation":false,"Flow":[]},{"ID":"BL_3lTEzRnSlYMFhn7","Type":"Standard","FlowID":"FL_11"}],"Properties":{"Count":11}}},{"SurveyID":"SV_6QERW7dm6g7LURD","Element":"SO","PrimaryAttribute":"Survey Options","SecondaryAttribute":null,"TertiaryAttribute":null,"Payload":{"BackButton":"false","SaveAndContinue":"true","SurveyProtection":"PublicSurvey","BallotBoxStuffingPrevention":"false","NoIndex":"Yes","SurveyExpiration":null,"SurveyTermination":"DefaultMessage","Header":"","Footer":"","ProgressBarDisplay":"None","PartialData":"+1 week","ValidationMessage":null,"PreviousButton":"  <<  ","NextButton":"  >>  ","SkinLibrary":"canterbury","SkinType":"MQ","Skin":"canterbury1","NewScoring":1,"PreferJFE":true,"EOSMessage":"","ShowExportTags":"false","CollectGeoLocation":"false","SurveyTitle":"Online Survey Software | Qualtrics Survey Solutions","SurveyMetaDescription":"Qualtrics sophisticated online survey software solutions make creating online surveys easy. Learn more about Research Suite and get a free account today.","PasswordProtection":"No","AnonymizeResponse":"No","Password":"","RefererCheck":"No","RefererURL":"http:\/\/","EOSMessageLibrary":"","EOSRedirectURL":"http:\/\/","EmailThankYou":"false","ThankYouEmailMessageLibrary":null,"ThankYouEmailMessage":null,"ValidateMessage":"false","ValidationMessageLibrary":null,"InactiveSurvey":"DefaultMessage","InactiveMessageLibrary":"","InactiveMessage":"","AvailableLanguages":{"EN":[]},"ProtectSelectionIds":true}},{"SurveyID":"SV_6QERW7dm6g7LURD","Element":"SCO","PrimaryAttribute":"Scoring","SecondaryAttribute":null,"TertiaryAttribute":null,"Payload":{"ScoringCategories":[],"ScoringCategoryGroups":[],"ScoringSummaryCategory":null,"ScoringSummaryAfterQuestions":0,"ScoringSummaryAfterSurvey":0,"DefaultScoringCategory":null,"AutoScoringCategory":null}},{"SurveyID":"SV_6QERW7dm6g7LURD","Element":"STAT","PrimaryAttribute":"Survey Statistics","SecondaryAttribute":null,"TertiaryAttribute":null,"Payload":{"MobileCompatible":false,"ID":"Survey Statistics"}},{"SurveyID":"SV_6QERW7dm6g7LURD","Element":"QC","PrimaryAttribute":"Survey Question Count","SecondaryAttribute":"24","TertiaryAttribute":null,"Payload":null},{"SurveyID":"SV_6QERW7dm6g7LURD","Element":"RS","PrimaryAttribute":"RS_eUS9zxaEuQ00K6F","SecondaryAttribute":"Default Response Set","TertiaryAttribute":null,"Payload":null},{"SurveyID":"SV_6QERW7dm6g7LURD","Element":"SQ","PrimaryAttribute":"QID3","SecondaryAttribute":"I see myself as:","TertiaryAttribute":null,"Payload":{"QuestionText":"I see myself as:","DefaultChoices":false,"DataExportTag":"Q4","QuestionType":"Matrix","Selector":"Likert","SubSelector":"SingleAnswer","Configuration":{"QuestionDescriptionOption":"UseText","TextPosition":"inline","ChoiceColumnWidth":25,"RepeatHeaders":"none","WhiteSpace":"OFF"},"QuestionDescription":"I see myself as:","Choices":{"1":{"Display":"Extroverted, enthusiastic"},"2":{"Display":"Critical, quarrelsome"},"3":{"Display":"Dependable, self-disciplined"},"4":{"Display":"Anxious, easily upset"},"5":{"Display":"Open to new experiences, complex"},"6":{"Display":"Reserved, quiet"},"7":{"Display":"Sympathetic, warm"},"8":{"Display":"Disorganized, careless"},"9":{"Display":"Calm, emotionally stable"},"10":{"Display":"Conventional, uncreative"}},"ChoiceOrder":[1,2,3,4,5,6,7,8,9,10],"Randomization":{"Advanced":null,"Type":"All","TotalRandSubset":""},"Validation":{"Settings":{"ForceResponse":"ON","ForceResponseType":"ON","Type":"None"}},"GradingData":[],"Language":[],"Answers":{"1":{"Display":"Disagree strongly"},"2":{"Display":"Disagree moderately"},"3":{"Display":"Disagree a little"},"4":{"Display":"Neither agree nor disagree"},"5":{"Display":"Agree a little"},"6":{"Display":"Agree moderately"},"7":{"Display":"Agree strongly"}},"AnswerOrder":[1,2,3,4,5,6,7],"ChoiceDataExportTags":false,"QuestionID":"QID3"}},{"SurveyID":"SV_6QERW7dm6g7LURD","Element":"SQ","PrimaryAttribute":"QID21","SecondaryAttribute":"Participant ID (This is added by the researcher)","TertiaryAttribute":null,"Payload":{"QuestionText":"<span style=\"color:#FF0000;\">Participant ID (This is added by the researcher)<\/span>","DefaultChoices":false,"DataExportTag":"Q21","QuestionType":"TE","Selector":"SL","Configuration":{"QuestionDescriptionOption":"UseText"},"QuestionDescription":"Participant ID (This is added by the researcher)","Validation":{"Settings":{"ForceResponse":"OFF","ForceResponseType":"ON","Type":"None"}},"GradingData":[],"Language":[],"QuestionID":"QID21"}},{"SurveyID":"SV_6QERW7dm6g7LURD","Element":"SQ","PrimaryAttribute":"QID24","SecondaryAttribute":"Please indicate what you feel when you see this images. ","TertiaryAttribute":null,"Payload":{"QuestionText":"Please indicate what you feel when you see this images.&nbsp;","DefaultChoices":false,"DataExportTag":"Q24","QuestionType":"Matrix","Selector":"Likert","SubSelector":"SingleAnswer","Configuration":{"QuestionDescriptionOption":"UseText","TextPosition":"inline","ChoiceColumnWidth":25,"RepeatHeaders":"middle","MobileFirst":true,"WhiteSpace":"OFF"},"QuestionDescription":"Please indicate what you feel when you see this images. ","Choices":{"1":{"Display":"question1"},"2":{"Display":"questino2","GraphicSize":[70,null]},"3":{"Display":"question3"}},"ChoiceOrder":["1","2","3"],"Validation":{"Settings":{"ForceResponse":"OFF","ForceResponseType":"ON","Type":"None"}},"GradingData":[],"AnalyzeChoices":{"4":"No"},"Language":[],"Answers":{"1":{"Display":"Very happy"},"2":{"Display":"Somewhat happy"},"3":{"Display":"Just a little happy"},"4":{"Display":"Not Applicable"},"5":{"Display":"Just a little sad"},"6":{"Display":"Somewhat sad"},"8":{"Display":"Very sad"}},"AnswerOrder":["1","2","3","4","5","6","8"],"ChoiceDataExportTags":false,"QuestionID":"QID24"}}]}